// !$*UTF8*$!
{
	archiveVersion = 1;
	classes = {
	};
	objectVersion = 46;
	objects = {

/* Begin PBXBuildFile section */
		3D0467591959B85B00B925B5 /* Foundation.framework in Frameworks */ = {isa = PBXBuildFile; fileRef = 3D0467581959B85B00B925B5 /* Foundation.framework */; };
		3D04675B1959B85B00B925B5 /* CoreGraphics.framework in Frameworks */ = {isa = PBXBuildFile; fileRef = 3D04675A1959B85B00B925B5 /* CoreGraphics.framework */; };
		3D04675D1959B85B00B925B5 /* UIKit.framework in Frameworks */ = {isa = PBXBuildFile; fileRef = 3D04675C1959B85B00B925B5 /* UIKit.framework */; };
		3D0467711959B85B00B925B5 /* Images.xcassets in Resources */ = {isa = PBXBuildFile; fileRef = 3D0467701959B85B00B925B5 /* Images.xcassets */; };
		3D0467781959B85B00B925B5 /* XCTest.framework in Frameworks */ = {isa = PBXBuildFile; fileRef = 3D0467771959B85B00B925B5 /* XCTest.framework */; };
		3D0467791959B85B00B925B5 /* Foundation.framework in Frameworks */ = {isa = PBXBuildFile; fileRef = 3D0467581959B85B00B925B5 /* Foundation.framework */; };
		3D04677A1959B85B00B925B5 /* UIKit.framework in Frameworks */ = {isa = PBXBuildFile; fileRef = 3D04675C1959B85B00B925B5 /* UIKit.framework */; };
		3D0467821959B85B00B925B5 /* InfoPlist.strings in Resources */ = {isa = PBXBuildFile; fileRef = 3D0467801959B85B00B925B5 /* InfoPlist.strings */; };
		3D0467841959B85B00B925B5 /* geocronTests.m in Sources */ = {isa = PBXBuildFile; fileRef = 3D0467831959B85B00B925B5 /* geocronTests.m */; };
		3D0467981959BA8C00B925B5 /* main.m in Sources */ = {isa = PBXBuildFile; fileRef = 3D0467911959BA8C00B925B5 /* main.m */; };
		3D0467991959BA8C00B925B5 /* GCRAppDelegate.m in Sources */ = {isa = PBXBuildFile; fileRef = 3D0467941959BA8C00B925B5 /* GCRAppDelegate.m */; };
		3D04679A1959BA8C00B925B5 /* Main.storyboard in Resources */ = {isa = PBXBuildFile; fileRef = 3D0467961959BA8C00B925B5 /* Main.storyboard */; };
		3D04679D1959BAFA00B925B5 /* GCRTasksViewController.m in Sources */ = {isa = PBXBuildFile; fileRef = 3D04679C1959BAFA00B925B5 /* GCRTasksViewController.m */; };
		3D0467A01959DF7700B925B5 /* GCRTaskCell.m in Sources */ = {isa = PBXBuildFile; fileRef = 3D04679F1959DF7700B925B5 /* GCRTaskCell.m */; };
		3D0C9651195C86A7006D82F6 /* GCRNewTaskController.m in Sources */ = {isa = PBXBuildFile; fileRef = 3D0C9650195C86A7006D82F6 /* GCRNewTaskController.m */; };
		3D13A7F8195EC9A600301CF0 /* Model.xcdatamodeld in Sources */ = {isa = PBXBuildFile; fileRef = 3D13A7F6195EC9A600301CF0 /* Model.xcdatamodeld */; };
		3D13A7FA195ECA3000301CF0 /* CoreData.framework in Frameworks */ = {isa = PBXBuildFile; fileRef = 3D13A7F9195ECA3000301CF0 /* CoreData.framework */; };
		3D13A7FD195ECBA600301CF0 /* GCRTask.m in Sources */ = {isa = PBXBuildFile; fileRef = 3D13A7FC195ECBA600301CF0 /* GCRTask.m */; };
		3D3B03C5195F2B0C00204144 /* Localizable.strings in Resources */ = {isa = PBXBuildFile; fileRef = 3D3B03C7195F2B0C00204144 /* Localizable.strings */; };
		3DB06FDE195EBB620038DF6E /* GCRTaskDaysViewController.m in Sources */ = {isa = PBXBuildFile; fileRef = 3DB06FDD195EBB620038DF6E /* GCRTaskDaysViewController.m */; };
/* End PBXBuildFile section */

/* Begin PBXContainerItemProxy section */
		3D04677B1959B85B00B925B5 /* PBXContainerItemProxy */ = {
			isa = PBXContainerItemProxy;
			containerPortal = 3D04674D1959B85B00B925B5 /* Project object */;
			proxyType = 1;
			remoteGlobalIDString = 3D0467541959B85B00B925B5;
			remoteInfo = geocron;
		};
/* End PBXContainerItemProxy section */

/* Begin PBXFileReference section */
		3D0467551959B85B00B925B5 /* geocron.app */ = {isa = PBXFileReference; explicitFileType = wrapper.application; includeInIndex = 0; path = geocron.app; sourceTree = BUILT_PRODUCTS_DIR; };
		3D0467581959B85B00B925B5 /* Foundation.framework */ = {isa = PBXFileReference; lastKnownFileType = wrapper.framework; name = Foundation.framework; path = System/Library/Frameworks/Foundation.framework; sourceTree = SDKROOT; };
		3D04675A1959B85B00B925B5 /* CoreGraphics.framework */ = {isa = PBXFileReference; lastKnownFileType = wrapper.framework; name = CoreGraphics.framework; path = System/Library/Frameworks/CoreGraphics.framework; sourceTree = SDKROOT; };
		3D04675C1959B85B00B925B5 /* UIKit.framework */ = {isa = PBXFileReference; lastKnownFileType = wrapper.framework; name = UIKit.framework; path = System/Library/Frameworks/UIKit.framework; sourceTree = SDKROOT; };
		3D0467701959B85B00B925B5 /* Images.xcassets */ = {isa = PBXFileReference; lastKnownFileType = folder.assetcatalog; path = Images.xcassets; sourceTree = "<group>"; };
		3D0467761959B85B00B925B5 /* geocronTests.xctest */ = {isa = PBXFileReference; explicitFileType = wrapper.cfbundle; includeInIndex = 0; path = geocronTests.xctest; sourceTree = BUILT_PRODUCTS_DIR; };
		3D0467771959B85B00B925B5 /* XCTest.framework */ = {isa = PBXFileReference; lastKnownFileType = wrapper.framework; name = XCTest.framework; path = Library/Frameworks/XCTest.framework; sourceTree = DEVELOPER_DIR; };
		3D04677F1959B85B00B925B5 /* geocronTests-Info.plist */ = {isa = PBXFileReference; lastKnownFileType = text.plist.xml; path = "geocronTests-Info.plist"; sourceTree = "<group>"; };
		3D0467811959B85B00B925B5 /* en */ = {isa = PBXFileReference; lastKnownFileType = text.plist.strings; name = en; path = en.lproj/InfoPlist.strings; sourceTree = "<group>"; };
		3D0467831959B85B00B925B5 /* geocronTests.m */ = {isa = PBXFileReference; lastKnownFileType = sourcecode.c.objc; path = geocronTests.m; sourceTree = "<group>"; };
		3D04678F1959BA8C00B925B5 /* geocron-Info.plist */ = {isa = PBXFileReference; fileEncoding = 4; lastKnownFileType = text.plist.xml; path = "geocron-Info.plist"; sourceTree = "<group>"; };
		3D0467901959BA8C00B925B5 /* geocron-Prefix.pch */ = {isa = PBXFileReference; fileEncoding = 4; lastKnownFileType = sourcecode.c.h; path = "geocron-Prefix.pch"; sourceTree = "<group>"; };
		3D0467911959BA8C00B925B5 /* main.m */ = {isa = PBXFileReference; fileEncoding = 4; lastKnownFileType = sourcecode.c.objc; path = main.m; sourceTree = "<group>"; };
		3D0467931959BA8C00B925B5 /* GCRAppDelegate.h */ = {isa = PBXFileReference; fileEncoding = 4; lastKnownFileType = sourcecode.c.h; path = GCRAppDelegate.h; sourceTree = "<group>"; };
		3D0467941959BA8C00B925B5 /* GCRAppDelegate.m */ = {isa = PBXFileReference; fileEncoding = 4; lastKnownFileType = sourcecode.c.objc; path = GCRAppDelegate.m; sourceTree = "<group>"; };
		3D0467961959BA8C00B925B5 /* Main.storyboard */ = {isa = PBXFileReference; fileEncoding = 4; lastKnownFileType = file.storyboard; path = Main.storyboard; sourceTree = "<group>"; };
		3D04679B1959BAFA00B925B5 /* GCRTasksViewController.h */ = {isa = PBXFileReference; fileEncoding = 4; lastKnownFileType = sourcecode.c.h; path = GCRTasksViewController.h; sourceTree = "<group>"; };
		3D04679C1959BAFA00B925B5 /* GCRTasksViewController.m */ = {isa = PBXFileReference; fileEncoding = 4; lastKnownFileType = sourcecode.c.objc; path = GCRTasksViewController.m; sourceTree = "<group>"; };
		3D04679E1959DF7700B925B5 /* GCRTaskCell.h */ = {isa = PBXFileReference; fileEncoding = 4; lastKnownFileType = sourcecode.c.h; path = GCRTaskCell.h; sourceTree = "<group>"; };
		3D04679F1959DF7700B925B5 /* GCRTaskCell.m */ = {isa = PBXFileReference; fileEncoding = 4; lastKnownFileType = sourcecode.c.objc; path = GCRTaskCell.m; sourceTree = "<group>"; };
		3D0C964F195C86A7006D82F6 /* GCRNewTaskController.h */ = {isa = PBXFileReference; fileEncoding = 4; lastKnownFileType = sourcecode.c.h; path = GCRNewTaskController.h; sourceTree = "<group>"; };
		3D0C9650195C86A7006D82F6 /* GCRNewTaskController.m */ = {isa = PBXFileReference; fileEncoding = 4; lastKnownFileType = sourcecode.c.objc; path = GCRNewTaskController.m; sourceTree = "<group>"; };
		3D13A7F7195EC9A600301CF0 /* Model.xcdatamodel */ = {isa = PBXFileReference; lastKnownFileType = wrapper.xcdatamodel; path = Model.xcdatamodel; sourceTree = "<group>"; };
		3D13A7F9195ECA3000301CF0 /* CoreData.framework */ = {isa = PBXFileReference; lastKnownFileType = wrapper.framework; name = CoreData.framework; path = System/Library/Frameworks/CoreData.framework; sourceTree = SDKROOT; };
		3D13A7FB195ECBA600301CF0 /* GCRTask.h */ = {isa = PBXFileReference; fileEncoding = 4; lastKnownFileType = sourcecode.c.h; path = GCRTask.h; sourceTree = "<group>"; };
		3D13A7FC195ECBA600301CF0 /* GCRTask.m */ = {isa = PBXFileReference; fileEncoding = 4; lastKnownFileType = sourcecode.c.objc; path = GCRTask.m; sourceTree = "<group>"; };
		3D3B03C6195F2B0C00204144 /* en */ = {isa = PBXFileReference; lastKnownFileType = text.plist.strings; name = en; path = en.lproj/Localizable.strings; sourceTree = "<group>"; };
		3DB06FDC195EBB620038DF6E /* GCRTaskDaysViewController.h */ = {isa = PBXFileReference; fileEncoding = 4; lastKnownFileType = sourcecode.c.h; path = GCRTaskDaysViewController.h; sourceTree = "<group>"; };
		3DB06FDD195EBB620038DF6E /* GCRTaskDaysViewController.m */ = {isa = PBXFileReference; fileEncoding = 4; lastKnownFileType = sourcecode.c.objc; path = GCRTaskDaysViewController.m; sourceTree = "<group>"; };
/* End PBXFileReference section */

/* Begin PBXFrameworksBuildPhase section */
		3D0467521959B85B00B925B5 /* Frameworks */ = {
			isa = PBXFrameworksBuildPhase;
			buildActionMask = 2147483647;
			files = (
				3D13A7FA195ECA3000301CF0 /* CoreData.framework in Frameworks */,
				3D04675B1959B85B00B925B5 /* CoreGraphics.framework in Frameworks */,
				3D04675D1959B85B00B925B5 /* UIKit.framework in Frameworks */,
				3D0467591959B85B00B925B5 /* Foundation.framework in Frameworks */,
			);
			runOnlyForDeploymentPostprocessing = 0;
		};
		3D0467731959B85B00B925B5 /* Frameworks */ = {
			isa = PBXFrameworksBuildPhase;
			buildActionMask = 2147483647;
			files = (
				3D0467781959B85B00B925B5 /* XCTest.framework in Frameworks */,
				3D04677A1959B85B00B925B5 /* UIKit.framework in Frameworks */,
				3D0467791959B85B00B925B5 /* Foundation.framework in Frameworks */,
			);
			runOnlyForDeploymentPostprocessing = 0;
		};
/* End PBXFrameworksBuildPhase section */

/* Begin PBXGroup section */
		3D04674C1959B85B00B925B5 = {
			isa = PBXGroup;
			children = (
				3D04675E1959B85B00B925B5 /* geocron */,
				3D04677D1959B85B00B925B5 /* geocronTests */,
				3D0467571959B85B00B925B5 /* Frameworks */,
				3D0467561959B85B00B925B5 /* Products */,
			);
			sourceTree = "<group>";
		};
		3D0467561959B85B00B925B5 /* Products */ = {
			isa = PBXGroup;
			children = (
				3D0467551959B85B00B925B5 /* geocron.app */,
				3D0467761959B85B00B925B5 /* geocronTests.xctest */,
			);
			name = Products;
			sourceTree = "<group>";
		};
		3D0467571959B85B00B925B5 /* Frameworks */ = {
			isa = PBXGroup;
			children = (
				3D13A7F9195ECA3000301CF0 /* CoreData.framework */,
				3D0467581959B85B00B925B5 /* Foundation.framework */,
				3D04675A1959B85B00B925B5 /* CoreGraphics.framework */,
				3D04675C1959B85B00B925B5 /* UIKit.framework */,
				3D0467771959B85B00B925B5 /* XCTest.framework */,
			);
			name = Frameworks;
			sourceTree = "<group>";
		};
		3D04675E1959B85B00B925B5 /* geocron */ = {
			isa = PBXGroup;
			children = (
				3D04678D1959BA8C00B925B5 /* Models */,
				3D0467951959BA8C00B925B5 /* Views */,
				3D0467921959BA8C00B925B5 /* ViewControllers */,
				3D04678E1959BA8C00B925B5 /* SupportingFiles */,
				3D0467701959B85B00B925B5 /* Images.xcassets */,
			);
			path = geocron;
			sourceTree = "<group>";
		};
		3D04677D1959B85B00B925B5 /* geocronTests */ = {
			isa = PBXGroup;
			children = (
				3D0467831959B85B00B925B5 /* geocronTests.m */,
				3D04677E1959B85B00B925B5 /* Supporting Files */,
			);
			path = geocronTests;
			sourceTree = "<group>";
		};
		3D04677E1959B85B00B925B5 /* Supporting Files */ = {
			isa = PBXGroup;
			children = (
				3D04677F1959B85B00B925B5 /* geocronTests-Info.plist */,
				3D0467801959B85B00B925B5 /* InfoPlist.strings */,
			);
			name = "Supporting Files";
			sourceTree = "<group>";
		};
		3D04678D1959BA8C00B925B5 /* Models */ = {
			isa = PBXGroup;
			children = (
				3D13A7F6195EC9A600301CF0 /* Model.xcdatamodeld */,
				3D13A7FB195ECBA600301CF0 /* GCRTask.h */,
				3D13A7FC195ECBA600301CF0 /* GCRTask.m */,
			);
			path = Models;
			sourceTree = "<group>";
		};
		3D04678E1959BA8C00B925B5 /* SupportingFiles */ = {
			isa = PBXGroup;
			children = (
				3D04678F1959BA8C00B925B5 /* geocron-Info.plist */,
				3D0467901959BA8C00B925B5 /* geocron-Prefix.pch */,
				3D3B03C7195F2B0C00204144 /* Localizable.strings */,
				3D0467911959BA8C00B925B5 /* main.m */,
			);
			path = SupportingFiles;
			sourceTree = "<group>";
		};
		3D0467921959BA8C00B925B5 /* ViewControllers */ = {
			isa = PBXGroup;
			children = (
				3D0467931959BA8C00B925B5 /* GCRAppDelegate.h */,
				3D0467941959BA8C00B925B5 /* GCRAppDelegate.m */,
				3D04679B1959BAFA00B925B5 /* GCRTasksViewController.h */,
				3D04679C1959BAFA00B925B5 /* GCRTasksViewController.m */,
				3D0C964F195C86A7006D82F6 /* GCRNewTaskController.h */,
				3D0C9650195C86A7006D82F6 /* GCRNewTaskController.m */,
				3DB06FDC195EBB620038DF6E /* GCRTaskDaysViewController.h */,
				3DB06FDD195EBB620038DF6E /* GCRTaskDaysViewController.m */,
			);
			path = ViewControllers;
			sourceTree = "<group>";
		};
		3D0467951959BA8C00B925B5 /* Views */ = {
			isa = PBXGroup;
			children = (
				3D0467961959BA8C00B925B5 /* Main.storyboard */,
				3D04679E1959DF7700B925B5 /* GCRTaskCell.h */,
				3D04679F1959DF7700B925B5 /* GCRTaskCell.m */,
			);
			path = Views;
			sourceTree = "<group>";
		};
/* End PBXGroup section */

/* Begin PBXNativeTarget section */
		3D0467541959B85B00B925B5 /* geocron */ = {
			isa = PBXNativeTarget;
			buildConfigurationList = 3D0467871959B85B00B925B5 /* Build configuration list for PBXNativeTarget "geocron" */;
			buildPhases = (
				3D0467511959B85B00B925B5 /* Sources */,
				3D0467521959B85B00B925B5 /* Frameworks */,
				3D0467531959B85B00B925B5 /* Resources */,
			);
			buildRules = (
			);
			dependencies = (
			);
			name = geocron;
			productName = geocron;
			productReference = 3D0467551959B85B00B925B5 /* geocron.app */;
			productType = "com.apple.product-type.application";
		};
		3D0467751959B85B00B925B5 /* geocronTests */ = {
			isa = PBXNativeTarget;
			buildConfigurationList = 3D04678A1959B85B00B925B5 /* Build configuration list for PBXNativeTarget "geocronTests" */;
			buildPhases = (
				3D0467721959B85B00B925B5 /* Sources */,
				3D0467731959B85B00B925B5 /* Frameworks */,
				3D0467741959B85B00B925B5 /* Resources */,
			);
			buildRules = (
			);
			dependencies = (
				3D04677C1959B85B00B925B5 /* PBXTargetDependency */,
			);
			name = geocronTests;
			productName = geocronTests;
			productReference = 3D0467761959B85B00B925B5 /* geocronTests.xctest */;
			productType = "com.apple.product-type.bundle.unit-test";
		};
/* End PBXNativeTarget section */

/* Begin PBXProject section */
		3D04674D1959B85B00B925B5 /* Project object */ = {
			isa = PBXProject;
			attributes = {
				CLASSPREFIX = GCR;
				LastUpgradeCheck = 0510;
				ORGANIZATIONNAME = "Naoto Kaneko";
				TargetAttributes = {
					3D0467751959B85B00B925B5 = {
						TestTargetID = 3D0467541959B85B00B925B5;
					};
				};
			};
			buildConfigurationList = 3D0467501959B85B00B925B5 /* Build configuration list for PBXProject "geocron" */;
			compatibilityVersion = "Xcode 3.2";
			developmentRegion = English;
			hasScannedForEncodings = 0;
			knownRegions = (
				en,
				Base,
			);
			mainGroup = 3D04674C1959B85B00B925B5;
			productRefGroup = 3D0467561959B85B00B925B5 /* Products */;
			projectDirPath = "";
			projectRoot = "";
			targets = (
				3D0467541959B85B00B925B5 /* geocron */,
				3D0467751959B85B00B925B5 /* geocronTests */,
			);
		};
/* End PBXProject section */

/* Begin PBXResourcesBuildPhase section */
		3D0467531959B85B00B925B5 /* Resources */ = {
			isa = PBXResourcesBuildPhase;
			buildActionMask = 2147483647;
			files = (
				3D04679A1959BA8C00B925B5 /* Main.storyboard in Resources */,
				3D3B03C5195F2B0C00204144 /* Localizable.strings in Resources */,
				3D0467711959B85B00B925B5 /* Images.xcassets in Resources */,
			);
			runOnlyForDeploymentPostprocessing = 0;
		};
		3D0467741959B85B00B925B5 /* Resources */ = {
			isa = PBXResourcesBuildPhase;
			buildActionMask = 2147483647;
			files = (
				3D0467821959B85B00B925B5 /* InfoPlist.strings in Resources */,
			);
			runOnlyForDeploymentPostprocessing = 0;
		};
/* End PBXResourcesBuildPhase section */

/* Begin PBXSourcesBuildPhase section */
		3D0467511959B85B00B925B5 /* Sources */ = {
			isa = PBXSourcesBuildPhase;
			buildActionMask = 2147483647;
			files = (
				3D0467981959BA8C00B925B5 /* main.m in Sources */,
				3D04679D1959BAFA00B925B5 /* GCRTasksViewController.m in Sources */,
				3D0C9651195C86A7006D82F6 /* GCRNewTaskController.m in Sources */,
				3D13A7F8195EC9A600301CF0 /* Model.xcdatamodeld in Sources */,
				3D13A7FD195ECBA600301CF0 /* GCRTask.m in Sources */,
				3D0467991959BA8C00B925B5 /* GCRAppDelegate.m in Sources */,
				3DB06FDE195EBB620038DF6E /* GCRTaskDaysViewController.m in Sources */,
				3D0467A01959DF7700B925B5 /* GCRTaskCell.m in Sources */,
			);
			runOnlyForDeploymentPostprocessing = 0;
		};
		3D0467721959B85B00B925B5 /* Sources */ = {
			isa = PBXSourcesBuildPhase;
			buildActionMask = 2147483647;
			files = (
				3D0467841959B85B00B925B5 /* geocronTests.m in Sources */,
			);
			runOnlyForDeploymentPostprocessing = 0;
		};
/* End PBXSourcesBuildPhase section */

/* Begin PBXTargetDependency section */
		3D04677C1959B85B00B925B5 /* PBXTargetDependency */ = {
			isa = PBXTargetDependency;
			target = 3D0467541959B85B00B925B5 /* geocron */;
			targetProxy = 3D04677B1959B85B00B925B5 /* PBXContainerItemProxy */;
		};
/* End PBXTargetDependency section */

/* Begin PBXVariantGroup section */
		3D0467801959B85B00B925B5 /* InfoPlist.strings */ = {
			isa = PBXVariantGroup;
			children = (
				3D0467811959B85B00B925B5 /* en */,
			);
			name = InfoPlist.strings;
			sourceTree = "<group>";
		};
		3D3B03C7195F2B0C00204144 /* Localizable.strings */ = {
			isa = PBXVariantGroup;
			children = (
				3D3B03C6195F2B0C00204144 /* en */,
			);
			name = Localizable.strings;
			sourceTree = "<group>";
		};
/* End PBXVariantGroup section */

/* Begin XCBuildConfiguration section */
		3D0467851959B85B00B925B5 /* Debug */ = {
			isa = XCBuildConfiguration;
			buildSettings = {
				ALWAYS_SEARCH_USER_PATHS = NO;
				CLANG_CXX_LANGUAGE_STANDARD = "gnu++0x";
				CLANG_CXX_LIBRARY = "libc++";
				CLANG_ENABLE_MODULES = YES;
				CLANG_ENABLE_OBJC_ARC = YES;
				CLANG_WARN_BOOL_CONVERSION = YES;
				CLANG_WARN_CONSTANT_CONVERSION = YES;
				CLANG_WARN_DIRECT_OBJC_ISA_USAGE = YES_ERROR;
				CLANG_WARN_EMPTY_BODY = YES;
				CLANG_WARN_ENUM_CONVERSION = YES;
				CLANG_WARN_INT_CONVERSION = YES;
				CLANG_WARN_OBJC_ROOT_CLASS = YES_ERROR;
				CLANG_WARN__DUPLICATE_METHOD_MATCH = YES;
				"CODE_SIGN_IDENTITY[sdk=iphoneos*]" = "iPhone Developer";
				COPY_PHASE_STRIP = NO;
				GCC_C_LANGUAGE_STANDARD = gnu99;
				GCC_DYNAMIC_NO_PIC = NO;
				GCC_OPTIMIZATION_LEVEL = 0;
				GCC_PREPROCESSOR_DEFINITIONS = (
					"DEBUG=1",
					"$(inherited)",
				);
				GCC_SYMBOLS_PRIVATE_EXTERN = NO;
				GCC_WARN_64_TO_32_BIT_CONVERSION = YES;
				GCC_WARN_ABOUT_RETURN_TYPE = YES_ERROR;
				GCC_WARN_UNDECLARED_SELECTOR = YES;
				GCC_WARN_UNINITIALIZED_AUTOS = YES_AGGRESSIVE;
				GCC_WARN_UNUSED_FUNCTION = YES;
				GCC_WARN_UNUSED_VARIABLE = YES;
				IPHONEOS_DEPLOYMENT_TARGET = 7.1;
				ONLY_ACTIVE_ARCH = YES;
				SDKROOT = iphoneos;
			};
			name = Debug;
		};
		3D0467861959B85B00B925B5 /* Release */ = {
			isa = XCBuildConfiguration;
			buildSettings = {
				ALWAYS_SEARCH_USER_PATHS = NO;
				CLANG_CXX_LANGUAGE_STANDARD = "gnu++0x";
				CLANG_CXX_LIBRARY = "libc++";
				CLANG_ENABLE_MODULES = YES;
				CLANG_ENABLE_OBJC_ARC = YES;
				CLANG_WARN_BOOL_CONVERSION = YES;
				CLANG_WARN_CONSTANT_CONVERSION = YES;
				CLANG_WARN_DIRECT_OBJC_ISA_USAGE = YES_ERROR;
				CLANG_WARN_EMPTY_BODY = YES;
				CLANG_WARN_ENUM_CONVERSION = YES;
				CLANG_WARN_INT_CONVERSION = YES;
				CLANG_WARN_OBJC_ROOT_CLASS = YES_ERROR;
				CLANG_WARN__DUPLICATE_METHOD_MATCH = YES;
				"CODE_SIGN_IDENTITY[sdk=iphoneos*]" = "iPhone Developer";
				COPY_PHASE_STRIP = YES;
				ENABLE_NS_ASSERTIONS = NO;
				GCC_C_LANGUAGE_STANDARD = gnu99;
				GCC_WARN_64_TO_32_BIT_CONVERSION = YES;
				GCC_WARN_ABOUT_RETURN_TYPE = YES_ERROR;
				GCC_WARN_UNDECLARED_SELECTOR = YES;
				GCC_WARN_UNINITIALIZED_AUTOS = YES_AGGRESSIVE;
				GCC_WARN_UNUSED_FUNCTION = YES;
				GCC_WARN_UNUSED_VARIABLE = YES;
				IPHONEOS_DEPLOYMENT_TARGET = 7.1;
				SDKROOT = iphoneos;
				VALIDATE_PRODUCT = YES;
			};
			name = Release;
		};
		3D0467881959B85B00B925B5 /* Debug */ = {
			isa = XCBuildConfiguration;
			buildSettings = {
				ASSETCATALOG_COMPILER_APPICON_NAME = Picon;
				ASSETCATALOG_COMPILER_LAUNCHIMAGE_NAME = LaunchImage;
				GCC_PRECOMPILE_PREFIX_HEADER = YES;
				GCC_PREFIX_HEADER = "geocron/SupportingFiles/geocron-Prefix.pch";
				INFOPLIST_FILE = "geocron/SupportingFiles/geocron-Info.plist";
				PRODUCT_NAME = "$(TARGET_NAME)";
				WRAPPER_EXTENSION = app;
			};
			name = Debug;
		};
		3D0467891959B85B00B925B5 /* Release */ = {
			isa = XCBuildConfiguration;
			buildSettings = {
				ASSETCATALOG_COMPILER_APPICON_NAME = Picon;
				ASSETCATALOG_COMPILER_LAUNCHIMAGE_NAME = LaunchImage;
				GCC_PRECOMPILE_PREFIX_HEADER = YES;
				GCC_PREFIX_HEADER = "geocron/SupportingFiles/geocron-Prefix.pch";
				INFOPLIST_FILE = "geocron/SupportingFiles/geocron-Info.plist";
				PRODUCT_NAME = "$(TARGET_NAME)";
				WRAPPER_EXTENSION = app;
			};
			name = Release;
		};
		3D04678B1959B85B00B925B5 /* Debug */ = {
			isa = XCBuildConfiguration;
			buildSettings = {
				BUNDLE_LOADER = "$(BUILT_PRODUCTS_DIR)/geocron.app/geocron";
				FRAMEWORK_SEARCH_PATHS = (
					"$(SDKROOT)/Developer/Library/Frameworks",
					"$(inherited)",
					"$(DEVELOPER_FRAMEWORKS_DIR)",
				);
				GCC_PRECOMPILE_PREFIX_HEADER = YES;
				GCC_PREFIX_HEADER = "geocron/geocron-Prefix.pch";
				GCC_PREPROCESSOR_DEFINITIONS = (
					"DEBUG=1",
					"$(inherited)",
				);
				INFOPLIST_FILE = "geocronTests/geocronTests-Info.plist";
				PRODUCT_NAME = "$(TARGET_NAME)";
				TEST_HOST = "$(BUNDLE_LOADER)";
				WRAPPER_EXTENSION = xctest;
			};
			name = Debug;
		};
		3D04678C1959B85B00B925B5 /* Release */ = {
			isa = XCBuildConfiguration;
			buildSettings = {
				BUNDLE_LOADER = "$(BUILT_PRODUCTS_DIR)/geocron.app/geocron";
				FRAMEWORK_SEARCH_PATHS = (
					"$(SDKROOT)/Developer/Library/Frameworks",
					"$(inherited)",
					"$(DEVELOPER_FRAMEWORKS_DIR)",
				);
				GCC_PRECOMPILE_PREFIX_HEADER = YES;
				GCC_PREFIX_HEADER = "geocron/geocron-Prefix.pch";
				INFOPLIST_FILE = "geocronTests/geocronTests-Info.plist";
				PRODUCT_NAME = "$(TARGET_NAME)";
				TEST_HOST = "$(BUNDLE_LOADER)";
				WRAPPER_EXTENSION = xctest;
			};
			name = Release;
		};
/* End XCBuildConfiguration section */

/* Begin XCConfigurationList section */
		3D0467501959B85B00B925B5 /* Build configuration list for PBXProject "geocron" */ = {
			isa = XCConfigurationList;
			buildConfigurations = (
				3D0467851959B85B00B925B5 /* Debug */,
				3D0467861959B85B00B925B5 /* Release */,
			);
			defaultConfigurationIsVisible = 0;
			defaultConfigurationName = Release;
		};
		3D0467871959B85B00B925B5 /* Build configuration list for PBXNativeTarget "geocron" */ = {
			isa = XCConfigurationList;
			buildConfigurations = (
				3D0467881959B85B00B925B5 /* Debug */,
				3D0467891959B85B00B925B5 /* Release */,
			);
			defaultConfigurationIsVisible = 0;
			defaultConfigurationName = Release;
		};
		3D04678A1959B85B00B925B5 /* Build configuration list for PBXNativeTarget "geocronTests" */ = {
			isa = XCConfigurationList;
			buildConfigurations = (
				3D04678B1959B85B00B925B5 /* Debug */,
				3D04678C1959B85B00B925B5 /* Release */,
			);
			defaultConfigurationIsVisible = 0;
			defaultConfigurationName = Release;
		};
/* End XCConfigurationList section */

/* Begin XCVersionGroup section */
		3D13A7F6195EC9A600301CF0 /* Model.xcdatamodeld */ = {
			isa = XCVersionGroup;
			children = (
				3D13A7F7195EC9A600301CF0 /* Model.xcdatamodel */,
			);
			currentVersion = 3D13A7F7195EC9A600301CF0 /* Model.xcdatamodel */;
			path = Model.xcdatamodeld;
			sourceTree = "<group>";
			versionGroupType = wrapper.xcdatamodel;
		};
/* End XCVersionGroup section */
	};
	rootObject = 3D04674D1959B85B00B925B5 /* Project object */;
}
